
Microsoft Visual Studio Solution File, Format Version 12.00
# Visual Studio 2012
Project("{FAE04EC0-301F-11D3-BF4B-00C04F79EFBC}") = "Tasty", "Tasty\Tasty.csproj", "{B20A6B8F-AA02-4579-A015-251608DCC914}"
EndProject
Project("{FAE04EC0-301F-11D3-BF4B-00C04F79EFBC}") = "Tasty.Tests", "Tasty.Tests\Tasty.Tests.csproj", "{BD8F2222-3E25-4C58-B405-BFC304154B70}"
EndProject
Global
	GlobalSection(SolutionConfigurationPlatforms) = preSolution
		Debug|Any CPU = Debug|Any CPU
		Release|Any CPU = Release|Any CPU
	EndGlobalSection
	GlobalSection(ProjectConfigurationPlatforms) = postSolution
		{B20A6B8F-AA02-4579-A015-251608DCC914}.Debug|Any CPU.ActiveCfg = Debug|Any CPU
		{B20A6B8F-AA02-4579-A015-251608DCC914}.Debug|Any CPU.Build.0 = Debug|Any CPU
		{B20A6B8F-AA02-4579-A015-251608DCC914}.Release|Any CPU.ActiveCfg = Release|Any CPU
		{B20A6B8F-AA02-4579-A015-251608DCC914}.Release|Any CPU.Build.0 = Release|Any CPU
		{BD8F2222-3E25-4C58-B405-BFC304154B70}.Debug|Any CPU.ActiveCfg = Debug|Any CPU
		{BD8F2222-3E25-4C58-B405-BFC304154B70}.Debug|Any CPU.Build.0 = Debug|Any CPU
		{BD8F2222-3E25-4C58-B405-BFC304154B70}.Release|Any CPU.ActiveCfg = Release|Any CPU
		{BD8F2222-3E25-4C58-B405-BFC304154B70}.Release|Any CPU.Build.0 = Release|Any CPU
	EndGlobalSection
EndGlobal
